
Microsoft Visual Studio Solution File, Format Version 12.00
Project("{FAE04EC0-301F-11D3-BF4B-00C04F79EFBC}") = "CashRegister", "CashRegister\CashRegister.csproj", "{5F243913-B5E2-4A02-8947-C19E372AD7A1}"
EndProject
Project("{FAE04EC0-301F-11D3-BF4B-00C04F79EFBC}") = "CashRegister.Tests", "CashRegister.Tests\CashRegister.Tests.csproj", "{5A552AA5-E5A7-425E-9924-7DBFA9F4946E}"
EndProject
Project("{2150E333-8FDC-42A3-9474-1A3956D46DE8}") = "Solution Files", "Solution Files", "{7DDC1AF3-B274-4F9E-BB47-BAC3272B66F1}"
ProjectSection(SolutionItems) = preProject
	.gitignore = .gitignore
	LICENSE = LICENSE
EndProjectSection
EndProject
Global
	GlobalSection(SolutionConfigurationPlatforms) = preSolution
		Debug|Any CPU = Debug|Any CPU
		Release|Any CPU = Release|Any CPU
	EndGlobalSection
	GlobalSection(ProjectConfigurationPlatforms) = postSolution
		{5F243913-B5E2-4A02-8947-C19E372AD7A1}.Debug|Any CPU.ActiveCfg = Debug|Any CPU
		{5F243913-B5E2-4A02-8947-C19E372AD7A1}.Debug|Any CPU.Build.0 = Debug|Any CPU
		{5F243913-B5E2-4A02-8947-C19E372AD7A1}.Release|Any CPU.ActiveCfg = Release|Any CPU
		{5F243913-B5E2-4A02-8947-C19E372AD7A1}.Release|Any CPU.Build.0 = Release|Any CPU
		{5A552AA5-E5A7-425E-9924-7DBFA9F4946E}.Debug|Any CPU.ActiveCfg = Debug|Any CPU
		{5A552AA5-E5A7-425E-9924-7DBFA9F4946E}.Debug|Any CPU.Build.0 = Debug|Any CPU
		{5A552AA5-E5A7-425E-9924-7DBFA9F4946E}.Release|Any CPU.ActiveCfg = Release|Any CPU
		{5A552AA5-E5A7-425E-9924-7DBFA9F4946E}.Release|Any CPU.Build.0 = Release|Any CPU
	EndGlobalSection
EndGlobal
